// !$*UTF8*$!
{
	archiveVersion = 1;
	classes = {
	};
	objectVersion = 46;
	objects = {

/* Begin PBXBuildFile section */
		EB0FAA2416954ECD007F87A1 /* ZKLazyLoadingVC.m in Sources */ = {isa = PBXBuildFile; fileRef = EB0FAA2216954ECD007F87A1 /* ZKLazyLoadingVC.m */; };
		EB0FAA2516954ECD007F87A1 /* ZKLazyLoadingVC.xib in Resources */ = {isa = PBXBuildFile; fileRef = EB0FAA2316954ECD007F87A1 /* ZKLazyLoadingVC.xib */; };
		EB0FAA2716954FDB007F87A1 /* ListItems.plist in Resources */ = {isa = PBXBuildFile; fileRef = EB0FAA2616954FDB007F87A1 /* ListItems.plist */; };
		EB1967A81696A7700044676A /* errorImg.jpeg in Resources */ = {isa = PBXBuildFile; fileRef = EB1967A71696A7700044676A /* errorImg.jpeg */; };
		EB1FCF8B16955C0A00D23891 /* noImg.jpeg in Resources */ = {isa = PBXBuildFile; fileRef = EB1FCF8A16955C0A00D23891 /* noImg.jpeg */; };
		EB1FCF8E169566C800D23891 /* ZKImageDownloadOperation.m in Sources */ = {isa = PBXBuildFile; fileRef = EB1FCF8D169566C800D23891 /* ZKImageDownloadOperation.m */; };
		EBBE83AB16940EFB00702B24 /* UIKit.framework in Frameworks */ = {isa = PBXBuildFile; fileRef = EBBE83AA16940EFB00702B24 /* UIKit.framework */; };
		EBBE83AD16940EFB00702B24 /* Foundation.framework in Frameworks */ = {isa = PBXBuildFile; fileRef = EBBE83AC16940EFB00702B24 /* Foundation.framework */; };
		EBBE83AF16940EFB00702B24 /* CoreGraphics.framework in Frameworks */ = {isa = PBXBuildFile; fileRef = EBBE83AE16940EFB00702B24 /* CoreGraphics.framework */; };
		EBBE83B516940EFB00702B24 /* InfoPlist.strings in Resources */ = {isa = PBXBuildFile; fileRef = EBBE83B316940EFB00702B24 /* InfoPlist.strings */; };
		EBBE83B716940EFB00702B24 /* main.m in Sources */ = {isa = PBXBuildFile; fileRef = EBBE83B616940EFB00702B24 /* main.m */; };
		EBBE83BB16940EFB00702B24 /* ZKAppDelegate.m in Sources */ = {isa = PBXBuildFile; fileRef = EBBE83BA16940EFB00702B24 /* ZKAppDelegate.m */; };
		EBBE83BD16940EFB00702B24 /* Default.png in Resources */ = {isa = PBXBuildFile; fileRef = EBBE83BC16940EFB00702B24 /* Default.png */; };
		EBBE83BF16940EFB00702B24 /* Default@2x.png in Resources */ = {isa = PBXBuildFile; fileRef = EBBE83BE16940EFB00702B24 /* Default@2x.png */; };
		EBBE83C116940EFB00702B24 /* Default-568h@2x.png in Resources */ = {isa = PBXBuildFile; fileRef = EBBE83C016940EFB00702B24 /* Default-568h@2x.png */; };
		EBBE83C416940EFB00702B24 /* ZKViewController.m in Sources */ = {isa = PBXBuildFile; fileRef = EBBE83C316940EFB00702B24 /* ZKViewController.m */; };
		EBBE83C716940EFB00702B24 /* ZKViewController.xib in Resources */ = {isa = PBXBuildFile; fileRef = EBBE83C516940EFB00702B24 /* ZKViewController.xib */; };
		EBBE83E6169436BE00702B24 /* ZKDataModel.m in Sources */ = {isa = PBXBuildFile; fileRef = EBBE83E5169436BE00702B24 /* ZKDataModel.m */; };
/* End PBXBuildFile section */

/* Begin PBXFileReference section */
		EB0FAA2116954ECD007F87A1 /* ZKLazyLoadingVC.h */ = {isa = PBXFileReference; fileEncoding = 4; lastKnownFileType = sourcecode.c.h; path = ZKLazyLoadingVC.h; sourceTree = "<group>"; };
		EB0FAA2216954ECD007F87A1 /* ZKLazyLoadingVC.m */ = {isa = PBXFileReference; fileEncoding = 4; lastKnownFileType = sourcecode.c.objc; path = ZKLazyLoadingVC.m; sourceTree = "<group>"; };
		EB0FAA2316954ECD007F87A1 /* ZKLazyLoadingVC.xib */ = {isa = PBXFileReference; fileEncoding = 4; lastKnownFileType = file.xib; path = ZKLazyLoadingVC.xib; sourceTree = "<group>"; };
		EB0FAA2616954FDB007F87A1 /* ListItems.plist */ = {isa = PBXFileReference; fileEncoding = 4; lastKnownFileType = text.plist.xml; path = ListItems.plist; sourceTree = "<group>"; };
		EB1967A71696A7700044676A /* errorImg.jpeg */ = {isa = PBXFileReference; lastKnownFileType = image.jpeg; path = errorImg.jpeg; sourceTree = "<group>"; };
		EB1FCF8A16955C0A00D23891 /* noImg.jpeg */ = {isa = PBXFileReference; lastKnownFileType = image.jpeg; path = noImg.jpeg; sourceTree = "<group>"; };
		EB1FCF8C169566C700D23891 /* ZKImageDownloadOperation.h */ = {isa = PBXFileReference; fileEncoding = 4; lastKnownFileType = sourcecode.c.h; name = ZKImageDownloadOperation.h; path = LazyLoading/ZKImageDownloadOperation.h; sourceTree = "<group>"; };
		EB1FCF8D169566C800D23891 /* ZKImageDownloadOperation.m */ = {isa = PBXFileReference; fileEncoding = 4; lastKnownFileType = sourcecode.c.objc; name = ZKImageDownloadOperation.m; path = LazyLoading/ZKImageDownloadOperation.m; sourceTree = "<group>"; };
		EBBE83A616940EFB00702B24 /* ZKLazyLoading.app */ = {isa = PBXFileReference; explicitFileType = wrapper.application; includeInIndex = 0; path = ZKLazyLoading.app; sourceTree = BUILT_PRODUCTS_DIR; };
		EBBE83AA16940EFB00702B24 /* UIKit.framework */ = {isa = PBXFileReference; lastKnownFileType = wrapper.framework; name = UIKit.framework; path = System/Library/Frameworks/UIKit.framework; sourceTree = SDKROOT; };
		EBBE83AC16940EFB00702B24 /* Foundation.framework */ = {isa = PBXFileReference; lastKnownFileType = wrapper.framework; name = Foundation.framework; path = System/Library/Frameworks/Foundation.framework; sourceTree = SDKROOT; };
		EBBE83AE16940EFB00702B24 /* CoreGraphics.framework */ = {isa = PBXFileReference; lastKnownFileType = wrapper.framework; name = CoreGraphics.framework; path = System/Library/Frameworks/CoreGraphics.framework; sourceTree = SDKROOT; };
		EBBE83B216940EFB00702B24 /* ZKLazyLoading-Info.plist */ = {isa = PBXFileReference; lastKnownFileType = text.plist.xml; path = "ZKLazyLoading-Info.plist"; sourceTree = "<group>"; };
		EBBE83B416940EFB00702B24 /* en */ = {isa = PBXFileReference; lastKnownFileType = text.plist.strings; name = en; path = en.lproj/InfoPlist.strings; sourceTree = "<group>"; };
		EBBE83B616940EFB00702B24 /* main.m */ = {isa = PBXFileReference; lastKnownFileType = sourcecode.c.objc; path = main.m; sourceTree = "<group>"; };
		EBBE83B816940EFB00702B24 /* ZKLazyLoading-Prefix.pch */ = {isa = PBXFileReference; lastKnownFileType = sourcecode.c.h; path = "ZKLazyLoading-Prefix.pch"; sourceTree = "<group>"; };
		EBBE83B916940EFB00702B24 /* ZKAppDelegate.h */ = {isa = PBXFileReference; lastKnownFileType = sourcecode.c.h; path = ZKAppDelegate.h; sourceTree = "<group>"; };
		EBBE83BA16940EFB00702B24 /* ZKAppDelegate.m */ = {isa = PBXFileReference; lastKnownFileType = sourcecode.c.objc; path = ZKAppDelegate.m; sourceTree = "<group>"; };
		EBBE83BC16940EFB00702B24 /* Default.png */ = {isa = PBXFileReference; lastKnownFileType = image.png; path = Default.png; sourceTree = "<group>"; };
		EBBE83BE16940EFB00702B24 /* Default@2x.png */ = {isa = PBXFileReference; lastKnownFileType = image.png; path = "Default@2x.png"; sourceTree = "<group>"; };
		EBBE83C016940EFB00702B24 /* Default-568h@2x.png */ = {isa = PBXFileReference; lastKnownFileType = image.png; path = "Default-568h@2x.png"; sourceTree = "<group>"; };
		EBBE83C216940EFB00702B24 /* ZKViewController.h */ = {isa = PBXFileReference; lastKnownFileType = sourcecode.c.h; path = ZKViewController.h; sourceTree = "<group>"; };
		EBBE83C316940EFB00702B24 /* ZKViewController.m */ = {isa = PBXFileReference; lastKnownFileType = sourcecode.c.objc; path = ZKViewController.m; sourceTree = "<group>"; };
		EBBE83C616940EFB00702B24 /* en */ = {isa = PBXFileReference; lastKnownFileType = file.xib; name = en; path = en.lproj/ZKViewController.xib; sourceTree = "<group>"; };
		EBBE83E4169436BE00702B24 /* ZKDataModel.h */ = {isa = PBXFileReference; fileEncoding = 4; lastKnownFileType = sourcecode.c.h; path = ZKDataModel.h; sourceTree = "<group>"; };
		EBBE83E5169436BE00702B24 /* ZKDataModel.m */ = {isa = PBXFileReference; fileEncoding = 4; lastKnownFileType = sourcecode.c.objc; path = ZKDataModel.m; sourceTree = "<group>"; };
/* End PBXFileReference section */

/* Begin PBXFrameworksBuildPhase section */
		EBBE83A316940EFB00702B24 /* Frameworks */ = {
			isa = PBXFrameworksBuildPhase;
			buildActionMask = 2147483647;
			files = (
				EBBE83AB16940EFB00702B24 /* UIKit.framework in Frameworks */,
				EBBE83AD16940EFB00702B24 /* Foundation.framework in Frameworks */,
				EBBE83AF16940EFB00702B24 /* CoreGraphics.framework in Frameworks */,
			);
			runOnlyForDeploymentPostprocessing = 0;
		};
/* End PBXFrameworksBuildPhase section */

/* Begin PBXGroup section */
		EB0FAA1F16954EB4007F87A1 /* LazyLoading */ = {
			isa = PBXGroup;
			children = (
				EB0FAA2116954ECD007F87A1 /* ZKLazyLoadingVC.h */,
				EB0FAA2216954ECD007F87A1 /* ZKLazyLoadingVC.m */,
				EB0FAA2316954ECD007F87A1 /* ZKLazyLoadingVC.xib */,
			);
			path = LazyLoading;
			sourceTree = "<group>";
		};
		EBBE839B16940EFB00702B24 = {
			isa = PBXGroup;
			children = (
				EBBE83B016940EFB00702B24 /* ZKLazyLoading */,
				EBBE83A916940EFB00702B24 /* Frameworks */,
				EBBE83A716940EFB00702B24 /* Products */,
			);
			sourceTree = "<group>";
		};
		EBBE83A716940EFB00702B24 /* Products */ = {
			isa = PBXGroup;
			children = (
				EBBE83A616940EFB00702B24 /* ZKLazyLoading.app */,
			);
			name = Products;
			sourceTree = "<group>";
		};
		EBBE83A916940EFB00702B24 /* Frameworks */ = {
			isa = PBXGroup;
			children = (
				EBBE83AA16940EFB00702B24 /* UIKit.framework */,
				EBBE83AC16940EFB00702B24 /* Foundation.framework */,
				EBBE83AE16940EFB00702B24 /* CoreGraphics.framework */,
			);
			name = Frameworks;
			sourceTree = "<group>";
		};
		EBBE83B016940EFB00702B24 /* ZKLazyLoading */ = {
			isa = PBXGroup;
			children = (
				EBBE83B916940EFB00702B24 /* ZKAppDelegate.h */,
				EBBE83BA16940EFB00702B24 /* ZKAppDelegate.m */,
				EBBE83C216940EFB00702B24 /* ZKViewController.h */,
				EBBE83C316940EFB00702B24 /* ZKViewController.m */,
				EBBE83C516940EFB00702B24 /* ZKViewController.xib */,
				EB1FCF8C169566C700D23891 /* ZKImageDownloadOperation.h */,
				EB1FCF8D169566C800D23891 /* ZKImageDownloadOperation.m */,
				EB0FAA1F16954EB4007F87A1 /* LazyLoading */,
				EBBE83B116940EFB00702B24 /* Supporting Files */,
				EBBE83E4169436BE00702B24 /* ZKDataModel.h */,
				EBBE83E5169436BE00702B24 /* ZKDataModel.m */,
				EB0FAA2616954FDB007F87A1 /* ListItems.plist */,
			);
			path = ZKLazyLoading;
			sourceTree = "<group>";
		};
		EBBE83B116940EFB00702B24 /* Supporting Files */ = {
			isa = PBXGroup;
			children = (
				EB1FCF8A16955C0A00D23891 /* noImg.jpeg */,
				EB1967A71696A7700044676A /* errorImg.jpeg */,
				EBBE83B216940EFB00702B24 /* ZKLazyLoading-Info.plist */,
				EBBE83B316940EFB00702B24 /* InfoPlist.strings */,
				EBBE83B616940EFB00702B24 /* main.m */,
				EBBE83B816940EFB00702B24 /* ZKLazyLoading-Prefix.pch */,
				EBBE83BC16940EFB00702B24 /* Default.png */,
				EBBE83BE16940EFB00702B24 /* Default@2x.png */,
				EBBE83C016940EFB00702B24 /* Default-568h@2x.png */,
			);
			name = "Supporting Files";
			sourceTree = "<group>";
		};
/* End PBXGroup section */

/* Begin PBXNativeTarget section */
		EBBE83A516940EFB00702B24 /* ZKLazyLoading */ = {
			isa = PBXNativeTarget;
			buildConfigurationList = EBBE83CA16940EFB00702B24 /* Build configuration list for PBXNativeTarget "ZKLazyLoading" */;
			buildPhases = (
				EBBE83A216940EFB00702B24 /* Sources */,
				EBBE83A316940EFB00702B24 /* Frameworks */,
				EBBE83A416940EFB00702B24 /* Resources */,
			);
			buildRules = (
			);
			dependencies = (
			);
			name = ZKLazyLoading;
			productName = ZKLazyLoading;
			productReference = EBBE83A616940EFB00702B24 /* ZKLazyLoading.app */;
			productType = "com.apple.product-type.application";
		};
/* End PBXNativeTarget section */

/* Begin PBXProject section */
		EBBE839D16940EFB00702B24 /* Project object */ = {
			isa = PBXProject;
			attributes = {
				CLASSPREFIX = ZK;
				LastUpgradeCheck = 0450;
				ORGANIZATIONNAME = zeeshan;
			};
			buildConfigurationList = EBBE83A016940EFB00702B24 /* Build configuration list for PBXProject "ZKLazyLoading" */;
			compatibilityVersion = "Xcode 3.2";
			developmentRegion = English;
			hasScannedForEncodings = 0;
			knownRegions = (
				en,
			);
			mainGroup = EBBE839B16940EFB00702B24;
			productRefGroup = EBBE83A716940EFB00702B24 /* Products */;
			projectDirPath = "";
			projectRoot = "";
			targets = (
				EBBE83A516940EFB00702B24 /* ZKLazyLoading */,
			);
		};
/* End PBXProject section */

/* Begin PBXResourcesBuildPhase section */
		EBBE83A416940EFB00702B24 /* Resources */ = {
			isa = PBXResourcesBuildPhase;
			buildActionMask = 2147483647;
			files = (
				EBBE83B516940EFB00702B24 /* InfoPlist.strings in Resources */,
				EBBE83BD16940EFB00702B24 /* Default.png in Resources */,
				EBBE83BF16940EFB00702B24 /* Default@2x.png in Resources */,
				EBBE83C116940EFB00702B24 /* Default-568h@2x.png in Resources */,
				EBBE83C716940EFB00702B24 /* ZKViewController.xib in Resources */,
				EB0FAA2516954ECD007F87A1 /* ZKLazyLoadingVC.xib in Resources */,
				EB0FAA2716954FDB007F87A1 /* ListItems.plist in Resources */,
				EB1FCF8B16955C0A00D23891 /* noImg.jpeg in Resources */,
				EB1967A81696A7700044676A /* errorImg.jpeg in Resources */,
			);
			runOnlyForDeploymentPostprocessing = 0;
		};
/* End PBXResourcesBuildPhase section */

/* Begin PBXSourcesBuildPhase section */
		EBBE83A216940EFB00702B24 /* Sources */ = {
			isa = PBXSourcesBuildPhase;
			buildActionMask = 2147483647;
			files = (
				EBBE83B716940EFB00702B24 /* main.m in Sources */,
				EBBE83BB16940EFB00702B24 /* ZKAppDelegate.m in Sources */,
				EBBE83C416940EFB00702B24 /* ZKViewController.m in Sources */,
				EBBE83E6169436BE00702B24 /* ZKDataModel.m in Sources */,
				EB0FAA2416954ECD007F87A1 /* ZKLazyLoadingVC.m in Sources */,
				EB1FCF8E169566C800D23891 /* ZKImageDownloadOperation.m in Sources */,
			);
			runOnlyForDeploymentPostprocessing = 0;
		};
/* End PBXSourcesBuildPhase section */

/* Begin PBXVariantGroup section */
		EBBE83B316940EFB00702B24 /* InfoPlist.strings */ = {
			isa = PBXVariantGroup;
			children = (
				EBBE83B416940EFB00702B24 /* en */,
			);
			name = InfoPlist.strings;
			sourceTree = "<group>";
		};
		EBBE83C516940EFB00702B24 /* ZKViewController.xib */ = {
			isa = PBXVariantGroup;
			children = (
				EBBE83C616940EFB00702B24 /* en */,
			);
			name = ZKViewController.xib;
			sourceTree = "<group>";
		};
/* End PBXVariantGroup section */

/* Begin XCBuildConfiguration section */
		EBBE83C816940EFB00702B24 /* Debug */ = {
			isa = XCBuildConfiguration;
			buildSettings = {
				ALWAYS_SEARCH_USER_PATHS = NO;
				CLANG_CXX_LANGUAGE_STANDARD = "gnu++0x";
				CLANG_CXX_LIBRARY = "libc++";
				CLANG_ENABLE_OBJC_ARC = YES;
				CLANG_WARN_EMPTY_BODY = YES;
				CLANG_WARN__DUPLICATE_METHOD_MATCH = YES;
				"CODE_SIGN_IDENTITY[sdk=iphoneos*]" = "iPhone Developer";
				COPY_PHASE_STRIP = NO;
				GCC_C_LANGUAGE_STANDARD = gnu99;
				GCC_DYNAMIC_NO_PIC = NO;
				GCC_OPTIMIZATION_LEVEL = 0;
				GCC_PREPROCESSOR_DEFINITIONS = (
					"DEBUG=1",
					"$(inherited)",
				);
				GCC_SYMBOLS_PRIVATE_EXTERN = NO;
				GCC_WARN_ABOUT_RETURN_TYPE = YES;
				GCC_WARN_UNINITIALIZED_AUTOS = YES;
				GCC_WARN_UNUSED_VARIABLE = YES;
				IPHONEOS_DEPLOYMENT_TARGET = 6.0;
				SDKROOT = iphoneos;
			};
			name = Debug;
		};
		EBBE83C916940EFB00702B24 /* Release */ = {
			isa = XCBuildConfiguration;
			buildSettings = {
				ALWAYS_SEARCH_USER_PATHS = NO;
				CLANG_CXX_LANGUAGE_STANDARD = "gnu++0x";
				CLANG_CXX_LIBRARY = "libc++";
				CLANG_ENABLE_OBJC_ARC = YES;
				CLANG_WARN_EMPTY_BODY = YES;
				CLANG_WARN__DUPLICATE_METHOD_MATCH = YES;
				"CODE_SIGN_IDENTITY[sdk=iphoneos*]" = "iPhone Developer";
				COPY_PHASE_STRIP = YES;
				GCC_C_LANGUAGE_STANDARD = gnu99;
				GCC_WARN_ABOUT_RETURN_TYPE = YES;
				GCC_WARN_UNINITIALIZED_AUTOS = YES;
				GCC_WARN_UNUSED_VARIABLE = YES;
				IPHONEOS_DEPLOYMENT_TARGET = 6.0;
				OTHER_CFLAGS = "-DNS_BLOCK_ASSERTIONS=1";
				SDKROOT = iphoneos;
				VALIDATE_PRODUCT = YES;
			};
			name = Release;
		};
		EBBE83CB16940EFB00702B24 /* Debug */ = {
			isa = XCBuildConfiguration;
			buildSettings = {
				GCC_PRECOMPILE_PREFIX_HEADER = YES;
				GCC_PREFIX_HEADER = "ZKLazyLoading/ZKLazyLoading-Prefix.pch";
				INFOPLIST_FILE = "ZKLazyLoading/ZKLazyLoading-Info.plist";
				IPHONEOS_DEPLOYMENT_TARGET = 5.0;
				PRODUCT_NAME = "$(TARGET_NAME)";
				WRAPPER_EXTENSION = app;
			};
			name = Debug;
		};
		EBBE83CC16940EFB00702B24 /* Release */ = {
			isa = XCBuildConfiguration;
			buildSettings = {
				GCC_PRECOMPILE_PREFIX_HEADER = YES;
				GCC_PREFIX_HEADER = "ZKLazyLoading/ZKLazyLoading-Prefix.pch";
				INFOPLIST_FILE = "ZKLazyLoading/ZKLazyLoading-Info.plist";
				IPHONEOS_DEPLOYMENT_TARGET = 5.0;
				PRODUCT_NAME = "$(TARGET_NAME)";
				WRAPPER_EXTENSION = app;
			};
			name = Release;
		};
/* End XCBuildConfiguration section */

/* Begin XCConfigurationList section */
		EBBE83A016940EFB00702B24 /* Build configuration list for PBXProject "ZKLazyLoading" */ = {
			isa = XCConfigurationList;
			buildConfigurations = (
				EBBE83C816940EFB00702B24 /* Debug */,
				EBBE83C916940EFB00702B24 /* Release */,
			);
			defaultConfigurationIsVisible = 0;
			defaultConfigurationName = Release;
		};
		EBBE83CA16940EFB00702B24 /* Build configuration list for PBXNativeTarget "ZKLazyLoading" */ = {
			isa = XCConfigurationList;
			buildConfigurations = (
				EBBE83CB16940EFB00702B24 /* Debug */,
				EBBE83CC16940EFB00702B24 /* Release */,
			);
			defaultConfigurationIsVisible = 0;
			defaultConfigurationName = Release;
		};
/* End XCConfigurationList section */
	};
	rootObject = EBBE839D16940EFB00702B24 /* Project object */;
}
